lockfileVersion: 5.3

specifiers:
  dotenv: ^16.0.1
  moment: ^2.29.3
  ovh: ^2.0.3

dependencies:
  dotenv: 16.0.1
  moment: 2.29.3
  ovh: 2.0.3

packages:

  /async/0.9.2:
    resolution: {integrity: sha512-l6ToIJIotphWahxxHyzK9bnLR6kM4jJIIgLShZeqLY7iboHoGkdgFl7W2/Ivi4SkMJYGKqW8vSuk0uKUj6qsSw==}
    dev: false

  /bluebird/3.7.2:
    resolution: {integrity: sha512-XpNj6GDQzdfW+r2Wnn7xiSAd7TM3jzkxGXBGTtWKuSXv1xUV+azxAm8jdWZN06QTQk+2N2XB9jRDkvbmQmcRtg==}
    dev: false

  /dotenv/16.0.1:
    resolution: {integrity: sha512-1K6hR6wtk2FviQ4kEiSjFiH5rpzEVi8WW0x96aztHVMhEspNpc4DVOUTEHtEva5VThQ8IaBX1Pe4gSzpVVUsKQ==}
    engines: {node: '>=12'}
    dev: false

  /moment/2.29.3:
    resolution: {integrity: sha512-c6YRvhEo//6T2Jz/vVtYzqBzwvPT95JBQ+smCytzf7c50oMZRsR/a4w88aD34I+/QVSfnoAnSBFPJHItlOMJVw==}
    dev: false

  /ovh/2.0.3:
    resolution: {integrity: sha512-K2XpfSYza7PHVDqAP6BNk92X3f+BvaNd6eSgMqguLTaUz/DYzOyHsbGFu7lyHTkIUUb9qamvJ9FC6OTzk7tj3Q==}
    dependencies:
      async: 0.9.2
      bluebird: 3.7.2
    dev: false
